
Microsoft Visual Studio Solution File, Format Version 12.00
# Visual Studio Version 16
VisualStudioVersion = 16.0.30002.166
MinimumVisualStudioVersion = 10.0.40219.1
Project("{FAE04EC0-301F-11D3-BF4B-00C04F79EFBC}") = "DelayedSearchTextBoxDemo", "DelayedSearchTextBoxDemo\DelayedSearchTextBoxDemo.csproj", "{CB1296C5-7AA4-4722-A16B-579DD932C15B}"
EndProject
Global
	GlobalSection(SolutionConfigurationPlatforms) = preSolution
		Debug|Any CPU = Debug|Any CPU
		Release|Any CPU = Release|Any CPU
	EndGlobalSection
	GlobalSection(ProjectConfigurationPlatforms) = postSolution
		{CB1296C5-7AA4-4722-A16B-579DD932C15B}.Debug|Any CPU.ActiveCfg = Debug|Any CPU
		{CB1296C5-7AA4-4722-A16B-579DD932C15B}.Debug|Any CPU.Build.0 = Debug|Any CPU
		{CB1296C5-7AA4-4722-A16B-579DD932C15B}.Release|Any CPU.ActiveCfg = Release|Any CPU
		{CB1296C5-7AA4-4722-A16B-579DD932C15B}.Release|Any CPU.Build.0 = Release|Any CPU
	EndGlobalSection
	GlobalSection(SolutionProperties) = preSolution
		HideSolutionNode = FALSE
	EndGlobalSection
	GlobalSection(ExtensibilityGlobals) = postSolution
		SolutionGuid = {47C926DB-A99D-4636-B2DE-E395F9816F3A}
	EndGlobalSection
EndGlobal
